
Microsoft Visual Studio Solution File, Format Version 12.00
# Visual Studio Version 17
VisualStudioVersion = 17.4.33103.184
MinimumVisualStudioVersion = 10.0.40219.1
Project("{FAE04EC0-301F-11D3-BF4B-00C04F79EFBC}") = "WinFormsApp768", "WinFormsApp768\WinFormsApp768.csproj", "{031F9E9E-E87A-48D6-8A39-ECD25276A59B}"
EndProject
Global
	GlobalSection(SolutionConfigurationPlatforms) = preSolution
		Debug|Any CPU = Debug|Any CPU
		Release|Any CPU = Release|Any CPU
	EndGlobalSection
	GlobalSection(ProjectConfigurationPlatforms) = postSolution
		{031F9E9E-E87A-48D6-8A39-ECD25276A59B}.Debug|Any CPU.ActiveCfg = Debug|Any CPU
		{031F9E9E-E87A-48D6-8A39-ECD25276A59B}.Debug|Any CPU.Build.0 = Debug|Any CPU
		{031F9E9E-E87A-48D6-8A39-ECD25276A59B}.Release|Any CPU.ActiveCfg = Release|Any CPU
		{031F9E9E-E87A-48D6-8A39-ECD25276A59B}.Release|Any CPU.Build.0 = Release|Any CPU
	EndGlobalSection
	GlobalSection(SolutionProperties) = preSolution
		HideSolutionNode = FALSE
	EndGlobalSection
	GlobalSection(ExtensibilityGlobals) = postSolution
		SolutionGuid = {92F4B4C0-79A2-4212-9866-1C3B8A8D97E6}
	EndGlobalSection
EndGlobal
